// !$*UTF8*$!
{
	archiveVersion = 1;
	classes = {
	};
	objectVersion = 51;
	objects = {

/* Begin PBXBuildFile section */
		2E9575272CD483F090791986 /* Pods_HackathonPuzzleGame2020_HackathonPuzzleGame2020UITests.framework in Frameworks */ = {isa = PBXBuildFile; fileRef = 58E8844E365FAEAEEDF9B35C /* Pods_HackathonPuzzleGame2020_HackathonPuzzleGame2020UITests.framework */; };
		4FB76227D55AE371C45B856D /* Pods_HackathonPuzzleGame2020.framework in Frameworks */ = {isa = PBXBuildFile; fileRef = F5FF72D28214C68200D14F20 /* Pods_HackathonPuzzleGame2020.framework */; };
		7828EB8A2402267400F49379 /* AppDelegate.swift in Sources */ = {isa = PBXBuildFile; fileRef = 7828EB892402267400F49379 /* AppDelegate.swift */; };
		7828EB8C2402267400F49379 /* SceneDelegate.swift in Sources */ = {isa = PBXBuildFile; fileRef = 7828EB8B2402267400F49379 /* SceneDelegate.swift */; };
		7828EB8E2402267400F49379 /* ViewController.swift in Sources */ = {isa = PBXBuildFile; fileRef = 7828EB8D2402267400F49379 /* ViewController.swift */; };
		7828EB912402267400F49379 /* Main.storyboard in Resources */ = {isa = PBXBuildFile; fileRef = 7828EB8F2402267400F49379 /* Main.storyboard */; };
		7828EB932402267800F49379 /* Assets.xcassets in Resources */ = {isa = PBXBuildFile; fileRef = 7828EB922402267800F49379 /* Assets.xcassets */; };
		7828EB962402267800F49379 /* LaunchScreen.storyboard in Resources */ = {isa = PBXBuildFile; fileRef = 7828EB942402267800F49379 /* LaunchScreen.storyboard */; };
		7828EBA12402267900F49379 /* HackathonPuzzleGame2020Tests.swift in Sources */ = {isa = PBXBuildFile; fileRef = 7828EBA02402267900F49379 /* HackathonPuzzleGame2020Tests.swift */; };
		7828EBAC2402267900F49379 /* HackathonPuzzleGame2020UITests.swift in Sources */ = {isa = PBXBuildFile; fileRef = 7828EBAB2402267900F49379 /* HackathonPuzzleGame2020UITests.swift */; };
		7828EBBA24022E8900F49379 /* HacktonPuzzle.swift in Sources */ = {isa = PBXBuildFile; fileRef = 7828EBB924022E8900F49379 /* HacktonPuzzle.swift */; };
		7828EBBC24022FBA00F49379 /* ImageCollectionViewCell.swift in Sources */ = {isa = PBXBuildFile; fileRef = 7828EBBB24022FBA00F49379 /* ImageCollectionViewCell.swift */; };
		7828EBBE240230D200F49379 /* PuzzleCollectionViewController.swift in Sources */ = {isa = PBXBuildFile; fileRef = 7828EBBD240230D200F49379 /* PuzzleCollectionViewController.swift */; };
		7828EBC12402320400F49379 /* HacktonPuzzle.xcdatamodeld in Sources */ = {isa = PBXBuildFile; fileRef = 7828EBBF2402320400F49379 /* HacktonPuzzle.xcdatamodeld */; };
		7828EBC32402322D00F49379 /* Alert.swift in Sources */ = {isa = PBXBuildFile; fileRef = 7828EBC22402322D00F49379 /* Alert.swift */; };
		7828EBC524023AEA00F49379 /* bgsu puzzle.png in Resources */ = {isa = PBXBuildFile; fileRef = 7828EBC424023AE900F49379 /* bgsu puzzle.png */; };
		7828EBDB24029AA300F49379 /* paper.png in Resources */ = {isa = PBXBuildFile; fileRef = 7828EBD824029AA200F49379 /* paper.png */; };
		7828EBDC24029AA300F49379 /* rock.jpg in Resources */ = {isa = PBXBuildFile; fileRef = 7828EBD924029AA200F49379 /* rock.jpg */; };
		7828EBDD24029AA300F49379 /* scissors.png in Resources */ = {isa = PBXBuildFile; fileRef = 7828EBDA24029AA300F49379 /* scissors.png */; };
		7828EBDF24029EE500F49379 /* rock.png in Resources */ = {isa = PBXBuildFile; fileRef = 7828EBDE24029EE400F49379 /* rock.png */; };
		7828EBE124029F1E00F49379 /* resize-1582458760577264455ClipartKey1094170.png in Resources */ = {isa = PBXBuildFile; fileRef = 7828EBE024029F1D00F49379 /* resize-1582458760577264455ClipartKey1094170.png */; };
		7828EBE324029F5300F49379 /* resize-1582458815897805259ClipartKey1094183.png in Resources */ = {isa = PBXBuildFile; fileRef = 7828EBE224029F5300F49379 /* resize-1582458815897805259ClipartKey1094183.png */; };
		7828EBE82402A0D000F49379 /* resize-15824591501982636795resize1582458760577264455ClipartKey1094170.png in Resources */ = {isa = PBXBuildFile; fileRef = 7828EBE42402A0D000F49379 /* resize-15824591501982636795resize1582458760577264455ClipartKey1094170.png */; };
		7828EBE92402A0D000F49379 /* resize-15824591741604046828rock.png in Resources */ = {isa = PBXBuildFile; fileRef = 7828EBE52402A0D000F49379 /* resize-15824591741604046828rock.png */; };
		7828EBEA2402A0D000F49379 /* resize-1582459116136661027resize1582458815897805259ClipartKey1094183.png in Resources */ = {isa = PBXBuildFile; fileRef = 7828EBE62402A0D000F49379 /* resize-1582459116136661027resize1582458815897805259ClipartKey1094183.png */; };
		7828EBEB2402A0D000F49379 /* resize-15824590691802298449rock.jpg in Resources */ = {isa = PBXBuildFile; fileRef = 7828EBE72402A0D000F49379 /* resize-15824590691802298449rock.jpg */; };
		7828EBED2402A5F300F49379 /* ResultsViewController.swift in Sources */ = {isa = PBXBuildFile; fileRef = 7828EBEC2402A5F300F49379 /* ResultsViewController.swift */; };
		7828EBEF2402A63100F49379 /* ViewControllerRPS.swift in Sources */ = {isa = PBXBuildFile; fileRef = 7828EBEE2402A63100F49379 /* ViewControllerRPS.swift */; };
		E8E18766533100A5BE4B7B93 /* Pods_HackathonPuzzleGame2020Tests.framework in Frameworks */ = {isa = PBXBuildFile; fileRef = E0AA1B5CAB496691655524E1 /* Pods_HackathonPuzzleGame2020Tests.framework */; };
/* End PBXBuildFile section */

/* Begin PBXContainerItemProxy section */
		7828EB9D2402267900F49379 /* PBXContainerItemProxy */ = {
			isa = PBXContainerItemProxy;
			containerPortal = 7828EB7E2402267300F49379 /* Project object */;
			proxyType = 1;
			remoteGlobalIDString = 7828EB852402267400F49379;
			remoteInfo = HackathonPuzzleGame2020;
		};
		7828EBA82402267900F49379 /* PBXContainerItemProxy */ = {
			isa = PBXContainerItemProxy;
			containerPortal = 7828EB7E2402267300F49379 /* Project object */;
			proxyType = 1;
			remoteGlobalIDString = 7828EB852402267400F49379;
			remoteInfo = HackathonPuzzleGame2020;
		};
/* End PBXContainerItemProxy section */

/* Begin PBXFileReference section */
		29C355932C8D82E57D977AEF /* Pods-HackathonPuzzleGame2020.debug.xcconfig */ = {isa = PBXFileReference; includeInIndex = 1; lastKnownFileType = text.xcconfig; name = "Pods-HackathonPuzzleGame2020.debug.xcconfig"; path = "Target Support Files/Pods-HackathonPuzzleGame2020/Pods-HackathonPuzzleGame2020.debug.xcconfig"; sourceTree = "<group>"; };
		58E8844E365FAEAEEDF9B35C /* Pods_HackathonPuzzleGame2020_HackathonPuzzleGame2020UITests.framework */ = {isa = PBXFileReference; explicitFileType = wrapper.framework; includeInIndex = 0; path = Pods_HackathonPuzzleGame2020_HackathonPuzzleGame2020UITests.framework; sourceTree = BUILT_PRODUCTS_DIR; };
		71AE302DF2882AF0572952F6 /* Pods-HackathonPuzzleGame2020-HackathonPuzzleGame2020UITests.debug.xcconfig */ = {isa = PBXFileReference; includeInIndex = 1; lastKnownFileType = text.xcconfig; name = "Pods-HackathonPuzzleGame2020-HackathonPuzzleGame2020UITests.debug.xcconfig"; path = "Target Support Files/Pods-HackathonPuzzleGame2020-HackathonPuzzleGame2020UITests/Pods-HackathonPuzzleGame2020-HackathonPuzzleGame2020UITests.debug.xcconfig"; sourceTree = "<group>"; };
		72928AA0FCC27A96B81A8E8B /* Pods-HackathonPuzzleGame2020Tests.release.xcconfig */ = {isa = PBXFileReference; includeInIndex = 1; lastKnownFileType = text.xcconfig; name = "Pods-HackathonPuzzleGame2020Tests.release.xcconfig"; path = "Target Support Files/Pods-HackathonPuzzleGame2020Tests/Pods-HackathonPuzzleGame2020Tests.release.xcconfig"; sourceTree = "<group>"; };
		7828EB862402267400F49379 /* HackathonPuzzleGame2020.app */ = {isa = PBXFileReference; explicitFileType = wrapper.application; includeInIndex = 0; path = HackathonPuzzleGame2020.app; sourceTree = BUILT_PRODUCTS_DIR; };
		7828EB892402267400F49379 /* AppDelegate.swift */ = {isa = PBXFileReference; lastKnownFileType = sourcecode.swift; path = AppDelegate.swift; sourceTree = "<group>"; };
		7828EB8B2402267400F49379 /* SceneDelegate.swift */ = {isa = PBXFileReference; lastKnownFileType = sourcecode.swift; path = SceneDelegate.swift; sourceTree = "<group>"; };
		7828EB8D2402267400F49379 /* ViewController.swift */ = {isa = PBXFileReference; lastKnownFileType = sourcecode.swift; path = ViewController.swift; sourceTree = "<group>"; };
		7828EB902402267400F49379 /* Base */ = {isa = PBXFileReference; lastKnownFileType = file.storyboard; name = Base; path = Base.lproj/Main.storyboard; sourceTree = "<group>"; };
		7828EB922402267800F49379 /* Assets.xcassets */ = {isa = PBXFileReference; lastKnownFileType = folder.assetcatalog; path = Assets.xcassets; sourceTree = "<group>"; };
		7828EB952402267800F49379 /* Base */ = {isa = PBXFileReference; lastKnownFileType = file.storyboard; name = Base; path = Base.lproj/LaunchScreen.storyboard; sourceTree = "<group>"; };
		7828EB972402267800F49379 /* Info.plist */ = {isa = PBXFileReference; lastKnownFileType = text.plist.xml; path = Info.plist; sourceTree = "<group>"; };
		7828EB9C2402267900F49379 /* HackathonPuzzleGame2020Tests.xctest */ = {isa = PBXFileReference; explicitFileType = wrapper.cfbundle; includeInIndex = 0; path = HackathonPuzzleGame2020Tests.xctest; sourceTree = BUILT_PRODUCTS_DIR; };
		7828EBA02402267900F49379 /* HackathonPuzzleGame2020Tests.swift */ = {isa = PBXFileReference; lastKnownFileType = sourcecode.swift; path = HackathonPuzzleGame2020Tests.swift; sourceTree = "<group>"; };
		7828EBA22402267900F49379 /* Info.plist */ = {isa = PBXFileReference; lastKnownFileType = text.plist.xml; path = Info.plist; sourceTree = "<group>"; };
		7828EBA72402267900F49379 /* HackathonPuzzleGame2020UITests.xctest */ = {isa = PBXFileReference; explicitFileType = wrapper.cfbundle; includeInIndex = 0; path = HackathonPuzzleGame2020UITests.xctest; sourceTree = BUILT_PRODUCTS_DIR; };
		7828EBAB2402267900F49379 /* HackathonPuzzleGame2020UITests.swift */ = {isa = PBXFileReference; lastKnownFileType = sourcecode.swift; path = HackathonPuzzleGame2020UITests.swift; sourceTree = "<group>"; };
		7828EBAD2402267900F49379 /* Info.plist */ = {isa = PBXFileReference; lastKnownFileType = text.plist.xml; path = Info.plist; sourceTree = "<group>"; };
		7828EBB924022E8900F49379 /* HacktonPuzzle.swift */ = {isa = PBXFileReference; lastKnownFileType = sourcecode.swift; path = HacktonPuzzle.swift; sourceTree = "<group>"; };
		7828EBBB24022FBA00F49379 /* ImageCollectionViewCell.swift */ = {isa = PBXFileReference; lastKnownFileType = sourcecode.swift; path = ImageCollectionViewCell.swift; sourceTree = "<group>"; };
		7828EBBD240230D200F49379 /* PuzzleCollectionViewController.swift */ = {isa = PBXFileReference; lastKnownFileType = sourcecode.swift; path = PuzzleCollectionViewController.swift; sourceTree = "<group>"; };
		7828EBC02402320400F49379 /* HackathonPuzzleModel.xcdatamodel */ = {isa = PBXFileReference; lastKnownFileType = wrapper.xcdatamodel; path = HackathonPuzzleModel.xcdatamodel; sourceTree = "<group>"; };
		7828EBC22402322D00F49379 /* Alert.swift */ = {isa = PBXFileReference; lastKnownFileType = sourcecode.swift; path = Alert.swift; sourceTree = "<group>"; };
		7828EBC424023AE900F49379 /* bgsu puzzle.png */ = {isa = PBXFileReference; lastKnownFileType = image.png; path = "bgsu puzzle.png"; sourceTree = SOURCE_ROOT; };
		7828EBD824029AA200F49379 /* paper.png */ = {isa = PBXFileReference; lastKnownFileType = image.png; path = paper.png; sourceTree = SOURCE_ROOT; };
		7828EBD924029AA200F49379 /* rock.jpg */ = {isa = PBXFileReference; lastKnownFileType = image.jpeg; path = rock.jpg; sourceTree = SOURCE_ROOT; };
		7828EBDA24029AA300F49379 /* scissors.png */ = {isa = PBXFileReference; lastKnownFileType = image.png; path = scissors.png; sourceTree = SOURCE_ROOT; };
		7828EBDE24029EE400F49379 /* rock.png */ = {isa = PBXFileReference; lastKnownFileType = image.png; path = rock.png; sourceTree = SOURCE_ROOT; };
		7828EBE024029F1D00F49379 /* resize-1582458760577264455ClipartKey1094170.png */ = {isa = PBXFileReference; lastKnownFileType = image.png; path = "resize-1582458760577264455ClipartKey1094170.png"; sourceTree = SOURCE_ROOT; };
		7828EBE224029F5300F49379 /* resize-1582458815897805259ClipartKey1094183.png */ = {isa = PBXFileReference; lastKnownFileType = image.png; path = "resize-1582458815897805259ClipartKey1094183.png"; sourceTree = SOURCE_ROOT; };
		7828EBE42402A0D000F49379 /* resize-15824591501982636795resize1582458760577264455ClipartKey1094170.png */ = {isa = PBXFileReference; lastKnownFileType = image.png; path = "resize-15824591501982636795resize1582458760577264455ClipartKey1094170.png"; sourceTree = SOURCE_ROOT; };
		7828EBE52402A0D000F49379 /* resize-15824591741604046828rock.png */ = {isa = PBXFileReference; lastKnownFileType = image.png; path = "resize-15824591741604046828rock.png"; sourceTree = SOURCE_ROOT; };
		7828EBE62402A0D000F49379 /* resize-1582459116136661027resize1582458815897805259ClipartKey1094183.png */ = {isa = PBXFileReference; lastKnownFileType = image.png; path = "resize-1582459116136661027resize1582458815897805259ClipartKey1094183.png"; sourceTree = SOURCE_ROOT; };
		7828EBE72402A0D000F49379 /* resize-15824590691802298449rock.jpg */ = {isa = PBXFileReference; lastKnownFileType = image.jpeg; path = "resize-15824590691802298449rock.jpg"; sourceTree = SOURCE_ROOT; };
		7828EBEC2402A5F300F49379 /* ResultsViewController.swift */ = {isa = PBXFileReference; lastKnownFileType = sourcecode.swift; path = ResultsViewController.swift; sourceTree = "<group>"; };
		7828EBEE2402A63100F49379 /* ViewControllerRPS.swift */ = {isa = PBXFileReference; lastKnownFileType = sourcecode.swift; path = ViewControllerRPS.swift; sourceTree = "<group>"; };
		987A4CA34DA8ADA5F885CD34 /* Pods-HackathonPuzzleGame2020Tests.debug.xcconfig */ = {isa = PBXFileReference; includeInIndex = 1; lastKnownFileType = text.xcconfig; name = "Pods-HackathonPuzzleGame2020Tests.debug.xcconfig"; path = "Target Support Files/Pods-HackathonPuzzleGame2020Tests/Pods-HackathonPuzzleGame2020Tests.debug.xcconfig"; sourceTree = "<group>"; };
		A2DC053B06586C5B3B6D26DE /* Pods-HackathonPuzzleGame2020-HackathonPuzzleGame2020UITests.release.xcconfig */ = {isa = PBXFileReference; includeInIndex = 1; lastKnownFileType = text.xcconfig; name = "Pods-HackathonPuzzleGame2020-HackathonPuzzleGame2020UITests.release.xcconfig"; path = "Target Support Files/Pods-HackathonPuzzleGame2020-HackathonPuzzleGame2020UITests/Pods-HackathonPuzzleGame2020-HackathonPuzzleGame2020UITests.release.xcconfig"; sourceTree = "<group>"; };
		E04BA638DC1DC4E76987CFFF /* Pods-HackathonPuzzleGame2020.release.xcconfig */ = {isa = PBXFileReference; includeInIndex = 1; lastKnownFileType = text.xcconfig; name = "Pods-HackathonPuzzleGame2020.release.xcconfig"; path = "Target Support Files/Pods-HackathonPuzzleGame2020/Pods-HackathonPuzzleGame2020.release.xcconfig"; sourceTree = "<group>"; };
		E0AA1B5CAB496691655524E1 /* Pods_HackathonPuzzleGame2020Tests.framework */ = {isa = PBXFileReference; explicitFileType = wrapper.framework; includeInIndex = 0; path = Pods_HackathonPuzzleGame2020Tests.framework; sourceTree = BUILT_PRODUCTS_DIR; };
		F5FF72D28214C68200D14F20 /* Pods_HackathonPuzzleGame2020.framework */ = {isa = PBXFileReference; explicitFileType = wrapper.framework; includeInIndex = 0; path = Pods_HackathonPuzzleGame2020.framework; sourceTree = BUILT_PRODUCTS_DIR; };
/* End PBXFileReference section */

/* Begin PBXFrameworksBuildPhase section */
		7828EB832402267400F49379 /* Frameworks */ = {
			isa = PBXFrameworksBuildPhase;
			buildActionMask = 2147483647;
			files = (
				4FB76227D55AE371C45B856D /* Pods_HackathonPuzzleGame2020.framework in Frameworks */,
			);
			runOnlyForDeploymentPostprocessing = 0;
		};
		7828EB992402267900F49379 /* Frameworks */ = {
			isa = PBXFrameworksBuildPhase;
			buildActionMask = 2147483647;
			files = (
				E8E18766533100A5BE4B7B93 /* Pods_HackathonPuzzleGame2020Tests.framework in Frameworks */,
			);
			runOnlyForDeploymentPostprocessing = 0;
		};
		7828EBA42402267900F49379 /* Frameworks */ = {
			isa = PBXFrameworksBuildPhase;
			buildActionMask = 2147483647;
			files = (
				2E9575272CD483F090791986 /* Pods_HackathonPuzzleGame2020_HackathonPuzzleGame2020UITests.framework in Frameworks */,
			);
			runOnlyForDeploymentPostprocessing = 0;
		};
/* End PBXFrameworksBuildPhase section */

/* Begin PBXGroup section */
		7828EB7D2402267300F49379 = {
			isa = PBXGroup;
			children = (
				7828EB882402267400F49379 /* HackathonPuzzleGame2020 */,
				7828EB9F2402267900F49379 /* HackathonPuzzleGame2020Tests */,
				7828EBAA2402267900F49379 /* HackathonPuzzleGame2020UITests */,
				7828EB872402267400F49379 /* Products */,
				BBDE06F9B41240A86BE2CE5E /* Pods */,
				796B8CB9AB127DC0071C1C17 /* Frameworks */,
			);
			sourceTree = "<group>";
		};
		7828EB872402267400F49379 /* Products */ = {
			isa = PBXGroup;
			children = (
				7828EB862402267400F49379 /* HackathonPuzzleGame2020.app */,
				7828EB9C2402267900F49379 /* HackathonPuzzleGame2020Tests.xctest */,
				7828EBA72402267900F49379 /* HackathonPuzzleGame2020UITests.xctest */,
			);
			name = Products;
			sourceTree = "<group>";
		};
		7828EB882402267400F49379 /* HackathonPuzzleGame2020 */ = {
			isa = PBXGroup;
			children = (
				7828EB892402267400F49379 /* AppDelegate.swift */,
				7828EBE024029F1D00F49379 /* resize-1582458760577264455ClipartKey1094170.png */,
				7828EBDE24029EE400F49379 /* rock.png */,
				7828EB8B2402267400F49379 /* SceneDelegate.swift */,
				7828EB942402267800F49379 /* LaunchScreen.storyboard */,
				7828EBE224029F5300F49379 /* resize-1582458815897805259ClipartKey1094183.png */,
				7828EBE62402A0D000F49379 /* resize-1582459116136661027resize1582458815897805259ClipartKey1094183.png */,
				7828EBE72402A0D000F49379 /* resize-15824590691802298449rock.jpg */,
				7828EBE42402A0D000F49379 /* resize-15824591501982636795resize1582458760577264455ClipartKey1094170.png */,
				7828EBE52402A0D000F49379 /* resize-15824591741604046828rock.png */,
				7828EB8D2402267400F49379 /* ViewController.swift */,
				7828EBD824029AA200F49379 /* paper.png */,
				7828EBD924029AA200F49379 /* rock.jpg */,
				7828EBDA24029AA300F49379 /* scissors.png */,
				7828EB8F2402267400F49379 /* Main.storyboard */,
				7828EBBF2402320400F49379 /* HacktonPuzzle.xcdatamodeld */,
				7828EB922402267800F49379 /* Assets.xcassets */,
				7828EB972402267800F49379 /* Info.plist */,
				7828EBB924022E8900F49379 /* HacktonPuzzle.swift */,
				7828EBC424023AE900F49379 /* bgsu puzzle.png */,
				7828EBBB24022FBA00F49379 /* ImageCollectionViewCell.swift */,
				7828EBBD240230D200F49379 /* PuzzleCollectionViewController.swift */,
				7828EBC22402322D00F49379 /* Alert.swift */,
				7828EBEC2402A5F300F49379 /* ResultsViewController.swift */,
				7828EBEE2402A63100F49379 /* ViewControllerRPS.swift */,
			);
			path = HackathonPuzzleGame2020;
			sourceTree = "<group>";
		};
		7828EB9F2402267900F49379 /* HackathonPuzzleGame2020Tests */ = {
			isa = PBXGroup;
			children = (
				7828EBA02402267900F49379 /* HackathonPuzzleGame2020Tests.swift */,
				7828EBA22402267900F49379 /* Info.plist */,
			);
			path = HackathonPuzzleGame2020Tests;
			sourceTree = "<group>";
		};
		7828EBAA2402267900F49379 /* HackathonPuzzleGame2020UITests */ = {
			isa = PBXGroup;
			children = (
				7828EBAB2402267900F49379 /* HackathonPuzzleGame2020UITests.swift */,
				7828EBAD2402267900F49379 /* Info.plist */,
			);
			path = HackathonPuzzleGame2020UITests;
			sourceTree = "<group>";
		};
		796B8CB9AB127DC0071C1C17 /* Frameworks */ = {
			isa = PBXGroup;
			children = (
				F5FF72D28214C68200D14F20 /* Pods_HackathonPuzzleGame2020.framework */,
				58E8844E365FAEAEEDF9B35C /* Pods_HackathonPuzzleGame2020_HackathonPuzzleGame2020UITests.framework */,
				E0AA1B5CAB496691655524E1 /* Pods_HackathonPuzzleGame2020Tests.framework */,
			);
			name = Frameworks;
			sourceTree = "<group>";
		};
		BBDE06F9B41240A86BE2CE5E /* Pods */ = {
			isa = PBXGroup;
			children = (
				29C355932C8D82E57D977AEF /* Pods-HackathonPuzzleGame2020.debug.xcconfig */,
				E04BA638DC1DC4E76987CFFF /* Pods-HackathonPuzzleGame2020.release.xcconfig */,
				71AE302DF2882AF0572952F6 /* Pods-HackathonPuzzleGame2020-HackathonPuzzleGame2020UITests.debug.xcconfig */,
				A2DC053B06586C5B3B6D26DE /* Pods-HackathonPuzzleGame2020-HackathonPuzzleGame2020UITests.release.xcconfig */,
				987A4CA34DA8ADA5F885CD34 /* Pods-HackathonPuzzleGame2020Tests.debug.xcconfig */,
				72928AA0FCC27A96B81A8E8B /* Pods-HackathonPuzzleGame2020Tests.release.xcconfig */,
			);
			path = Pods;
			sourceTree = "<group>";
		};
/* End PBXGroup section */

/* Begin PBXNativeTarget section */
		7828EB852402267400F49379 /* HackathonPuzzleGame2020 */ = {
			isa = PBXNativeTarget;
			buildConfigurationList = 7828EBB02402267900F49379 /* Build configuration list for PBXNativeTarget "HackathonPuzzleGame2020" */;
			buildPhases = (
				F5884613463FD03C2262473C /* [CP] Check Pods Manifest.lock */,
				7828EB822402267400F49379 /* Sources */,
				7828EB832402267400F49379 /* Frameworks */,
				7828EB842402267400F49379 /* Resources */,
				3BAA937E15AFA95EB8C5A14F /* [CP] Embed Pods Frameworks */,
			);
			buildRules = (
			);
			dependencies = (
			);
			name = HackathonPuzzleGame2020;
			productName = HackathonPuzzleGame2020;
			productReference = 7828EB862402267400F49379 /* HackathonPuzzleGame2020.app */;
			productType = "com.apple.product-type.application";
		};
		7828EB9B2402267900F49379 /* HackathonPuzzleGame2020Tests */ = {
			isa = PBXNativeTarget;
			buildConfigurationList = 7828EBB32402267900F49379 /* Build configuration list for PBXNativeTarget "HackathonPuzzleGame2020Tests" */;
			buildPhases = (
				6FA785327FAB8F878451B63E /* [CP] Check Pods Manifest.lock */,
				7828EB982402267900F49379 /* Sources */,
				7828EB992402267900F49379 /* Frameworks */,
				7828EB9A2402267900F49379 /* Resources */,
			);
			buildRules = (
			);
			dependencies = (
				7828EB9E2402267900F49379 /* PBXTargetDependency */,
			);
			name = HackathonPuzzleGame2020Tests;
			productName = HackathonPuzzleGame2020Tests;
			productReference = 7828EB9C2402267900F49379 /* HackathonPuzzleGame2020Tests.xctest */;
			productType = "com.apple.product-type.bundle.unit-test";
		};
		7828EBA62402267900F49379 /* HackathonPuzzleGame2020UITests */ = {
			isa = PBXNativeTarget;
			buildConfigurationList = 7828EBB62402267900F49379 /* Build configuration list for PBXNativeTarget "HackathonPuzzleGame2020UITests" */;
			buildPhases = (
				1490956F8556A63028D078FA /* [CP] Check Pods Manifest.lock */,
				7828EBA32402267900F49379 /* Sources */,
				7828EBA42402267900F49379 /* Frameworks */,
				7828EBA52402267900F49379 /* Resources */,
				243BBDAB52F4EC2DA6E6DCA5 /* [CP] Embed Pods Frameworks */,
			);
			buildRules = (
			);
			dependencies = (
				7828EBA92402267900F49379 /* PBXTargetDependency */,
			);
			name = HackathonPuzzleGame2020UITests;
			productName = HackathonPuzzleGame2020UITests;
			productReference = 7828EBA72402267900F49379 /* HackathonPuzzleGame2020UITests.xctest */;
			productType = "com.apple.product-type.bundle.ui-testing";
		};
/* End PBXNativeTarget section */

/* Begin PBXProject section */
		7828EB7E2402267300F49379 /* Project object */ = {
			isa = PBXProject;
			attributes = {
				LastSwiftUpdateCheck = 1130;
				LastUpgradeCheck = 1130;
				ORGANIZATIONNAME = "Damilare Olaleye";
				TargetAttributes = {
					7828EB852402267400F49379 = {
						CreatedOnToolsVersion = 11.3.1;
					};
					7828EB9B2402267900F49379 = {
						CreatedOnToolsVersion = 11.3.1;
						TestTargetID = 7828EB852402267400F49379;
					};
					7828EBA62402267900F49379 = {
						CreatedOnToolsVersion = 11.3.1;
						TestTargetID = 7828EB852402267400F49379;
					};
				};
			};
			buildConfigurationList = 7828EB812402267300F49379 /* Build configuration list for PBXProject "HackathonPuzzleGame2020" */;
			compatibilityVersion = "Xcode 9.3";
			developmentRegion = en;
			hasScannedForEncodings = 0;
			knownRegions = (
				en,
				Base,
			);
			mainGroup = 7828EB7D2402267300F49379;
			productRefGroup = 7828EB872402267400F49379 /* Products */;
			projectDirPath = "";
			projectRoot = "";
			targets = (
				7828EB852402267400F49379 /* HackathonPuzzleGame2020 */,
				7828EB9B2402267900F49379 /* HackathonPuzzleGame2020Tests */,
				7828EBA62402267900F49379 /* HackathonPuzzleGame2020UITests */,
			);
		};
/* End PBXProject section */

/* Begin PBXResourcesBuildPhase section */
		7828EB842402267400F49379 /* Resources */ = {
			isa = PBXResourcesBuildPhase;
			buildActionMask = 2147483647;
			files = (
				7828EB962402267800F49379 /* LaunchScreen.storyboard in Resources */,
				7828EBEA2402A0D000F49379 /* resize-1582459116136661027resize1582458815897805259ClipartKey1094183.png in Resources */,
				7828EBEB2402A0D000F49379 /* resize-15824590691802298449rock.jpg in Resources */,
				7828EBE124029F1E00F49379 /* resize-1582458760577264455ClipartKey1094170.png in Resources */,
				7828EBDB24029AA300F49379 /* paper.png in Resources */,
				7828EBDF24029EE500F49379 /* rock.png in Resources */,
				7828EBC524023AEA00F49379 /* bgsu puzzle.png in Resources */,
				7828EBE82402A0D000F49379 /* resize-15824591501982636795resize1582458760577264455ClipartKey1094170.png in Resources */,
				7828EBDD24029AA300F49379 /* scissors.png in Resources */,
				7828EB932402267800F49379 /* Assets.xcassets in Resources */,
				7828EBDC24029AA300F49379 /* rock.jpg in Resources */,
				7828EBE92402A0D000F49379 /* resize-15824591741604046828rock.png in Resources */,
				7828EB912402267400F49379 /* Main.storyboard in Resources */,
				7828EBE324029F5300F49379 /* resize-1582458815897805259ClipartKey1094183.png in Resources */,
			);
			runOnlyForDeploymentPostprocessing = 0;
		};
		7828EB9A2402267900F49379 /* Resources */ = {
			isa = PBXResourcesBuildPhase;
			buildActionMask = 2147483647;
			files = (
			);
			runOnlyForDeploymentPostprocessing = 0;
		};
		7828EBA52402267900F49379 /* Resources */ = {
			isa = PBXResourcesBuildPhase;
			buildActionMask = 2147483647;
			files = (
			);
			runOnlyForDeploymentPostprocessing = 0;
		};
/* End PBXResourcesBuildPhase section */

/* Begin PBXShellScriptBuildPhase section */
		1490956F8556A63028D078FA /* [CP] Check Pods Manifest.lock */ = {
			isa = PBXShellScriptBuildPhase;
			buildActionMask = 2147483647;
			files = (
			);
			inputFileListPaths = (
			);
			inputPaths = (
				"${PODS_PODFILE_DIR_PATH}/Podfile.lock",
				"${PODS_ROOT}/Manifest.lock",
			);
			name = "[CP] Check Pods Manifest.lock";
			outputFileListPaths = (
			);
			outputPaths = (
				"$(DERIVED_FILE_DIR)/Pods-HackathonPuzzleGame2020-HackathonPuzzleGame2020UITests-checkManifestLockResult.txt",
			);
			runOnlyForDeploymentPostprocessing = 0;
			shellPath = /bin/sh;
			shellScript = "diff \"${PODS_PODFILE_DIR_PATH}/Podfile.lock\" \"${PODS_ROOT}/Manifest.lock\" > /dev/null\nif [ $? != 0 ] ; then\n    # print error to STDERR\n    echo \"error: The sandbox is not in sync with the Podfile.lock. Run 'pod install' or update your CocoaPods installation.\" >&2\n    exit 1\nfi\n# This output is used by Xcode 'outputs' to avoid re-running this script phase.\necho \"SUCCESS\" > \"${SCRIPT_OUTPUT_FILE_0}\"\n";
			showEnvVarsInLog = 0;
		};
		243BBDAB52F4EC2DA6E6DCA5 /* [CP] Embed Pods Frameworks */ = {
			isa = PBXShellScriptBuildPhase;
			buildActionMask = 2147483647;
			files = (
			);
			inputFileListPaths = (
				"${PODS_ROOT}/Target Support Files/Pods-HackathonPuzzleGame2020-HackathonPuzzleGame2020UITests/Pods-HackathonPuzzleGame2020-HackathonPuzzleGame2020UITests-frameworks-${CONFIGURATION}-input-files.xcfilelist",
			);
			name = "[CP] Embed Pods Frameworks";
			outputFileListPaths = (
				"${PODS_ROOT}/Target Support Files/Pods-HackathonPuzzleGame2020-HackathonPuzzleGame2020UITests/Pods-HackathonPuzzleGame2020-HackathonPuzzleGame2020UITests-frameworks-${CONFIGURATION}-output-files.xcfilelist",
			);
			runOnlyForDeploymentPostprocessing = 0;
			shellPath = /bin/sh;
			shellScript = "\"${PODS_ROOT}/Target Support Files/Pods-HackathonPuzzleGame2020-HackathonPuzzleGame2020UITests/Pods-HackathonPuzzleGame2020-HackathonPuzzleGame2020UITests-frameworks.sh\"\n";
			showEnvVarsInLog = 0;
		};
		3BAA937E15AFA95EB8C5A14F /* [CP] Embed Pods Frameworks */ = {
			isa = PBXShellScriptBuildPhase;
			buildActionMask = 2147483647;
			files = (
			);
			inputFileListPaths = (
				"${PODS_ROOT}/Target Support Files/Pods-HackathonPuzzleGame2020/Pods-HackathonPuzzleGame2020-frameworks-${CONFIGURATION}-input-files.xcfilelist",
			);
			name = "[CP] Embed Pods Frameworks";
			outputFileListPaths = (
				"${PODS_ROOT}/Target Support Files/Pods-HackathonPuzzleGame2020/Pods-HackathonPuzzleGame2020-frameworks-${CONFIGURATION}-output-files.xcfilelist",
			);
			runOnlyForDeploymentPostprocessing = 0;
			shellPath = /bin/sh;
			shellScript = "\"${PODS_ROOT}/Target Support Files/Pods-HackathonPuzzleGame2020/Pods-HackathonPuzzleGame2020-frameworks.sh\"\n";
			showEnvVarsInLog = 0;
		};
		6FA785327FAB8F878451B63E /* [CP] Check Pods Manifest.lock */ = {
			isa = PBXShellScriptBuildPhase;
			buildActionMask = 2147483647;
			files = (
			);
			inputFileListPaths = (
			);
			inputPaths = (
				"${PODS_PODFILE_DIR_PATH}/Podfile.lock",
				"${PODS_ROOT}/Manifest.lock",
			);
			name = "[CP] Check Pods Manifest.lock";
			outputFileListPaths = (
			);
			outputPaths = (
				"$(DERIVED_FILE_DIR)/Pods-HackathonPuzzleGame2020Tests-checkManifestLockResult.txt",
			);
			runOnlyForDeploymentPostprocessing = 0;
			shellPath = /bin/sh;
			shellScript = "diff \"${PODS_PODFILE_DIR_PATH}/Podfile.lock\" \"${PODS_ROOT}/Manifest.lock\" > /dev/null\nif [ $? != 0 ] ; then\n    # print error to STDERR\n    echo \"error: The sandbox is not in sync with the Podfile.lock. Run 'pod install' or update your CocoaPods installation.\" >&2\n    exit 1\nfi\n# This output is used by Xcode 'outputs' to avoid re-running this script phase.\necho \"SUCCESS\" > \"${SCRIPT_OUTPUT_FILE_0}\"\n";
			showEnvVarsInLog = 0;
		};
		F5884613463FD03C2262473C /* [CP] Check Pods Manifest.lock */ = {
			isa = PBXShellScriptBuildPhase;
			buildActionMask = 2147483647;
			files = (
			);
			inputFileListPaths = (
			);
			inputPaths = (
				"${PODS_PODFILE_DIR_PATH}/Podfile.lock",
				"${PODS_ROOT}/Manifest.lock",
			);
			name = "[CP] Check Pods Manifest.lock";
			outputFileListPaths = (
			);
			outputPaths = (
				"$(DERIVED_FILE_DIR)/Pods-HackathonPuzzleGame2020-checkManifestLockResult.txt",
			);
			runOnlyForDeploymentPostprocessing = 0;
			shellPath = /bin/sh;
			shellScript = "diff \"${PODS_PODFILE_DIR_PATH}/Podfile.lock\" \"${PODS_ROOT}/Manifest.lock\" > /dev/null\nif [ $? != 0 ] ; then\n    # print error to STDERR\n    echo \"error: The sandbox is not in sync with the Podfile.lock. Run 'pod install' or update your CocoaPods installation.\" >&2\n    exit 1\nfi\n# This output is used by Xcode 'outputs' to avoid re-running this script phase.\necho \"SUCCESS\" > \"${SCRIPT_OUTPUT_FILE_0}\"\n";
			showEnvVarsInLog = 0;
		};
/* End PBXShellScriptBuildPhase section */

/* Begin PBXSourcesBuildPhase section */
		7828EB822402267400F49379 /* Sources */ = {
			isa = PBXSourcesBuildPhase;
			buildActionMask = 2147483647;
			files = (
				7828EBBA24022E8900F49379 /* HacktonPuzzle.swift in Sources */,
				7828EBBC24022FBA00F49379 /* ImageCollectionViewCell.swift in Sources */,
				7828EB8E2402267400F49379 /* ViewController.swift in Sources */,
				7828EB8A2402267400F49379 /* AppDelegate.swift in Sources */,
				7828EBBE240230D200F49379 /* PuzzleCollectionViewController.swift in Sources */,
				7828EBED2402A5F300F49379 /* ResultsViewController.swift in Sources */,
				7828EBEF2402A63100F49379 /* ViewControllerRPS.swift in Sources */,
				7828EBC12402320400F49379 /* HacktonPuzzle.xcdatamodeld in Sources */,
				7828EBC32402322D00F49379 /* Alert.swift in Sources */,
				7828EB8C2402267400F49379 /* SceneDelegate.swift in Sources */,
			);
			runOnlyForDeploymentPostprocessing = 0;
		};
		7828EB982402267900F49379 /* Sources */ = {
			isa = PBXSourcesBuildPhase;
			buildActionMask = 2147483647;
			files = (
				7828EBA12402267900F49379 /* HackathonPuzzleGame2020Tests.swift in Sources */,
			);
			runOnlyForDeploymentPostprocessing = 0;
		};
		7828EBA32402267900F49379 /* Sources */ = {
			isa = PBXSourcesBuildPhase;
			buildActionMask = 2147483647;
			files = (
				7828EBAC2402267900F49379 /* HackathonPuzzleGame2020UITests.swift in Sources */,
			);
			runOnlyForDeploymentPostprocessing = 0;
		};
/* End PBXSourcesBuildPhase section */

/* Begin PBXTargetDependency section */
		7828EB9E2402267900F49379 /* PBXTargetDependency */ = {
			isa = PBXTargetDependency;
			target = 7828EB852402267400F49379 /* HackathonPuzzleGame2020 */;
			targetProxy = 7828EB9D2402267900F49379 /* PBXContainerItemProxy */;
		};
		7828EBA92402267900F49379 /* PBXTargetDependency */ = {
			isa = PBXTargetDependency;
			target = 7828EB852402267400F49379 /* HackathonPuzzleGame2020 */;
			targetProxy = 7828EBA82402267900F49379 /* PBXContainerItemProxy */;
		};
/* End PBXTargetDependency section */

/* Begin PBXVariantGroup section */
		7828EB8F2402267400F49379 /* Main.storyboard */ = {
			isa = PBXVariantGroup;
			children = (
				7828EB902402267400F49379 /* Base */,
			);
			name = Main.storyboard;
			sourceTree = "<group>";
		};
		7828EB942402267800F49379 /* LaunchScreen.storyboard */ = {
			isa = PBXVariantGroup;
			children = (
				7828EB952402267800F49379 /* Base */,
			);
			name = LaunchScreen.storyboard;
			sourceTree = "<group>";
		};
/* End PBXVariantGroup section */

/* Begin XCBuildConfiguration section */
		7828EBAE2402267900F49379 /* Debug */ = {
			isa = XCBuildConfiguration;
			buildSettings = {
				ALWAYS_SEARCH_USER_PATHS = NO;
				CLANG_ANALYZER_NONNULL = YES;
				CLANG_ANALYZER_NUMBER_OBJECT_CONVERSION = YES_AGGRESSIVE;
				CLANG_CXX_LANGUAGE_STANDARD = "gnu++14";
				CLANG_CXX_LIBRARY = "libc++";
				CLANG_ENABLE_MODULES = YES;
				CLANG_ENABLE_OBJC_ARC = YES;
				CLANG_ENABLE_OBJC_WEAK = YES;
				CLANG_WARN_BLOCK_CAPTURE_AUTORELEASING = YES;
				CLANG_WARN_BOOL_CONVERSION = YES;
				CLANG_WARN_COMMA = YES;
				CLANG_WARN_CONSTANT_CONVERSION = YES;
				CLANG_WARN_DEPRECATED_OBJC_IMPLEMENTATIONS = YES;
				CLANG_WARN_DIRECT_OBJC_ISA_USAGE = YES_ERROR;
				CLANG_WARN_DOCUMENTATION_COMMENTS = YES;
				CLANG_WARN_EMPTY_BODY = YES;
				CLANG_WARN_ENUM_CONVERSION = YES;
				CLANG_WARN_INFINITE_RECURSION = YES;
				CLANG_WARN_INT_CONVERSION = YES;
				CLANG_WARN_NON_LITERAL_NULL_CONVERSION = YES;
				CLANG_WARN_OBJC_IMPLICIT_RETAIN_SELF = YES;
				CLANG_WARN_OBJC_LITERAL_CONVERSION = YES;
				CLANG_WARN_OBJC_ROOT_CLASS = YES_ERROR;
				CLANG_WARN_RANGE_LOOP_ANALYSIS = YES;
				CLANG_WARN_STRICT_PROTOTYPES = YES;
				CLANG_WARN_SUSPICIOUS_MOVE = YES;
				CLANG_WARN_UNGUARDED_AVAILABILITY = YES_AGGRESSIVE;
				CLANG_WARN_UNREACHABLE_CODE = YES;
				CLANG_WARN__DUPLICATE_METHOD_MATCH = YES;
				COPY_PHASE_STRIP = NO;
				DEBUG_INFORMATION_FORMAT = dwarf;
				ENABLE_STRICT_OBJC_MSGSEND = YES;
				ENABLE_TESTABILITY = YES;
				GCC_C_LANGUAGE_STANDARD = gnu11;
				GCC_DYNAMIC_NO_PIC = NO;
				GCC_NO_COMMON_BLOCKS = YES;
				GCC_OPTIMIZATION_LEVEL = 0;
				GCC_PREPROCESSOR_DEFINITIONS = (
					"DEBUG=1",
					"$(inherited)",
				);
				GCC_WARN_64_TO_32_BIT_CONVERSION = YES;
				GCC_WARN_ABOUT_RETURN_TYPE = YES_ERROR;
				GCC_WARN_UNDECLARED_SELECTOR = YES;
				GCC_WARN_UNINITIALIZED_AUTOS = YES_AGGRESSIVE;
				GCC_WARN_UNUSED_FUNCTION = YES;
				GCC_WARN_UNUSED_VARIABLE = YES;
				IPHONEOS_DEPLOYMENT_TARGET = 13.2;
				MTL_ENABLE_DEBUG_INFO = INCLUDE_SOURCE;
				MTL_FAST_MATH = YES;
				ONLY_ACTIVE_ARCH = YES;
				SDKROOT = iphoneos;
				SWIFT_ACTIVE_COMPILATION_CONDITIONS = DEBUG;
				SWIFT_OPTIMIZATION_LEVEL = "-Onone";
			};
			name = Debug;
		};
		7828EBAF2402267900F49379 /* Release */ = {
			isa = XCBuildConfiguration;
			buildSettings = {
				ALWAYS_SEARCH_USER_PATHS = NO;
				CLANG_ANALYZER_NONNULL = YES;
				CLANG_ANALYZER_NUMBER_OBJECT_CONVERSION = YES_AGGRESSIVE;
				CLANG_CXX_LANGUAGE_STANDARD = "gnu++14";
				CLANG_CXX_LIBRARY = "libc++";
				CLANG_ENABLE_MODULES = YES;
				CLANG_ENABLE_OBJC_ARC = YES;
				CLANG_ENABLE_OBJC_WEAK = YES;
				CLANG_WARN_BLOCK_CAPTURE_AUTORELEASING = YES;
				CLANG_WARN_BOOL_CONVERSION = YES;
				CLANG_WARN_COMMA = YES;
				CLANG_WARN_CONSTANT_CONVERSION = YES;
				CLANG_WARN_DEPRECATED_OBJC_IMPLEMENTATIONS = YES;
				CLANG_WARN_DIRECT_OBJC_ISA_USAGE = YES_ERROR;
				CLANG_WARN_DOCUMENTATION_COMMENTS = YES;
				CLANG_WARN_EMPTY_BODY = YES;
				CLANG_WARN_ENUM_CONVERSION = YES;
				CLANG_WARN_INFINITE_RECURSION = YES;
				CLANG_WARN_INT_CONVERSION = YES;
				CLANG_WARN_NON_LITERAL_NULL_CONVERSION = YES;
				CLANG_WARN_OBJC_IMPLICIT_RETAIN_SELF = YES;
				CLANG_WARN_OBJC_LITERAL_CONVERSION = YES;
				CLANG_WARN_OBJC_ROOT_CLASS = YES_ERROR;
				CLANG_WARN_RANGE_LOOP_ANALYSIS = YES;
				CLANG_WARN_STRICT_PROTOTYPES = YES;
				CLANG_WARN_SUSPICIOUS_MOVE = YES;
				CLANG_WARN_UNGUARDED_AVAILABILITY = YES_AGGRESSIVE;
				CLANG_WARN_UNREACHABLE_CODE = YES;
				CLANG_WARN__DUPLICATE_METHOD_MATCH = YES;
				COPY_PHASE_STRIP = NO;
				DEBUG_INFORMATION_FORMAT = "dwarf-with-dsym";
				ENABLE_NS_ASSERTIONS = NO;
				ENABLE_STRICT_OBJC_MSGSEND = YES;
				GCC_C_LANGUAGE_STANDARD = gnu11;
				GCC_NO_COMMON_BLOCKS = YES;
				GCC_WARN_64_TO_32_BIT_CONVERSION = YES;
				GCC_WARN_ABOUT_RETURN_TYPE = YES_ERROR;
				GCC_WARN_UNDECLARED_SELECTOR = YES;
				GCC_WARN_UNINITIALIZED_AUTOS = YES_AGGRESSIVE;
				GCC_WARN_UNUSED_FUNCTION = YES;
				GCC_WARN_UNUSED_VARIABLE = YES;
				IPHONEOS_DEPLOYMENT_TARGET = 13.2;
				MTL_ENABLE_DEBUG_INFO = NO;
				MTL_FAST_MATH = YES;
				SDKROOT = iphoneos;
				SWIFT_COMPILATION_MODE = wholemodule;
				SWIFT_OPTIMIZATION_LEVEL = "-O";
				VALIDATE_PRODUCT = YES;
			};
			name = Release;
		};
		7828EBB12402267900F49379 /* Debug */ = {
			isa = XCBuildConfiguration;
			baseConfigurationReference = 29C355932C8D82E57D977AEF /* Pods-HackathonPuzzleGame2020.debug.xcconfig */;
			buildSettings = {
				ASSETCATALOG_COMPILER_APPICON_NAME = AppIcon;
				CODE_SIGN_STYLE = Automatic;
				DEVELOPMENT_TEAM = 84UZVCGKXJ;
				INFOPLIST_FILE = HackathonPuzzleGame2020/Info.plist;
				LD_RUNPATH_SEARCH_PATHS = (
					"$(inherited)",
					"@executable_path/Frameworks",
				);
				PRODUCT_BUNDLE_IDENTIFIER = falcon.HackathonPuzzleGame2020;
				PRODUCT_NAME = "$(TARGET_NAME)";
				SWIFT_VERSION = 5.0;
				TARGETED_DEVICE_FAMILY = "1,2";
			};
			name = Debug;
		};
		7828EBB22402267900F49379 /* Release */ = {
			isa = XCBuildConfiguration;
			baseConfigurationReference = E04BA638DC1DC4E76987CFFF /* Pods-HackathonPuzzleGame2020.release.xcconfig */;
			buildSettings = {
				ASSETCATALOG_COMPILER_APPICON_NAME = AppIcon;
				CODE_SIGN_STYLE = Automatic;
				DEVELOPMENT_TEAM = 84UZVCGKXJ;
				INFOPLIST_FILE = HackathonPuzzleGame2020/Info.plist;
				LD_RUNPATH_SEARCH_PATHS = (
					"$(inherited)",
					"@executable_path/Frameworks",
				);
				PRODUCT_BUNDLE_IDENTIFIER = falcon.HackathonPuzzleGame2020;
				PRODUCT_NAME = "$(TARGET_NAME)";
				SWIFT_VERSION = 5.0;
				TARGETED_DEVICE_FAMILY = "1,2";
			};
			name = Release;
		};
		7828EBB42402267900F49379 /* Debug */ = {
			isa = XCBuildConfiguration;
			baseConfigurationReference = 987A4CA34DA8ADA5F885CD34 /* Pods-HackathonPuzzleGame2020Tests.debug.xcconfig */;
			buildSettings = {
				ALWAYS_EMBED_SWIFT_STANDARD_LIBRARIES = YES;
				BUNDLE_LOADER = "$(TEST_HOST)";
				CODE_SIGN_STYLE = Automatic;
				DEVELOPMENT_TEAM = 84UZVCGKXJ;
				INFOPLIST_FILE = HackathonPuzzleGame2020Tests/Info.plist;
				IPHONEOS_DEPLOYMENT_TARGET = 13.2;
				LD_RUNPATH_SEARCH_PATHS = (
					"$(inherited)",
					"@executable_path/Frameworks",
					"@loader_path/Frameworks",
				);
				PRODUCT_BUNDLE_IDENTIFIER = falcon.HackathonPuzzleGame2020Tests;
				PRODUCT_NAME = "$(TARGET_NAME)";
				SWIFT_VERSION = 5.0;
				TARGETED_DEVICE_FAMILY = "1,2";
				TEST_HOST = "$(BUILT_PRODUCTS_DIR)/HackathonPuzzleGame2020.app/HackathonPuzzleGame2020";
			};
			name = Debug;
		};
		7828EBB52402267900F49379 /* Release */ = {
			isa = XCBuildConfiguration;
			baseConfigurationReference = 72928AA0FCC27A96B81A8E8B /* Pods-HackathonPuzzleGame2020Tests.release.xcconfig */;
			buildSettings = {
				ALWAYS_EMBED_SWIFT_STANDARD_LIBRARIES = YES;
				BUNDLE_LOADER = "$(TEST_HOST)";
				CODE_SIGN_STYLE = Automatic;
				DEVELOPMENT_TEAM = 84UZVCGKXJ;
				INFOPLIST_FILE = HackathonPuzzleGame2020Tests/Info.plist;
				IPHONEOS_DEPLOYMENT_TARGET = 13.2;
				LD_RUNPATH_SEARCH_PATHS = (
					"$(inherited)",
					"@executable_path/Frameworks",
					"@loader_path/Frameworks",
				);
				PRODUCT_BUNDLE_IDENTIFIER = falcon.HackathonPuzzleGame2020Tests;
				PRODUCT_NAME = "$(TARGET_NAME)";
				SWIFT_VERSION = 5.0;
				TARGETED_DEVICE_FAMILY = "1,2";
				TEST_HOST = "$(BUILT_PRODUCTS_DIR)/HackathonPuzzleGame2020.app/HackathonPuzzleGame2020";
			};
			name = Release;
		};
		7828EBB72402267900F49379 /* Debug */ = {
			isa = XCBuildConfiguration;
			baseConfigurationReference = 71AE302DF2882AF0572952F6 /* Pods-HackathonPuzzleGame2020-HackathonPuzzleGame2020UITests.debug.xcconfig */;
			buildSettings = {
				ALWAYS_EMBED_SWIFT_STANDARD_LIBRARIES = YES;
				CODE_SIGN_STYLE = Automatic;
				DEVELOPMENT_TEAM = 84UZVCGKXJ;
				INFOPLIST_FILE = HackathonPuzzleGame2020UITests/Info.plist;
				LD_RUNPATH_SEARCH_PATHS = (
					"$(inherited)",
					"@executable_path/Frameworks",
					"@loader_path/Frameworks",
				);
				PRODUCT_BUNDLE_IDENTIFIER = falcon.HackathonPuzzleGame2020UITests;
				PRODUCT_NAME = "$(TARGET_NAME)";
				SWIFT_VERSION = 5.0;
				TARGETED_DEVICE_FAMILY = "1,2";
				TEST_TARGET_NAME = HackathonPuzzleGame2020;
			};
			name = Debug;
		};
		7828EBB82402267900F49379 /* Release */ = {
			isa = XCBuildConfiguration;
			baseConfigurationReference = A2DC053B06586C5B3B6D26DE /* Pods-HackathonPuzzleGame2020-HackathonPuzzleGame2020UITests.release.xcconfig */;
			buildSettings = {
				ALWAYS_EMBED_SWIFT_STANDARD_LIBRARIES = YES;
				CODE_SIGN_STYLE = Automatic;
				DEVELOPMENT_TEAM = 84UZVCGKXJ;
				INFOPLIST_FILE = HackathonPuzzleGame2020UITests/Info.plist;
				LD_RUNPATH_SEARCH_PATHS = (
					"$(inherited)",
					"@executable_path/Frameworks",
					"@loader_path/Frameworks",
				);
				PRODUCT_BUNDLE_IDENTIFIER = falcon.HackathonPuzzleGame2020UITests;
				PRODUCT_NAME = "$(TARGET_NAME)";
				SWIFT_VERSION = 5.0;
				TARGETED_DEVICE_FAMILY = "1,2";
				TEST_TARGET_NAME = HackathonPuzzleGame2020;
			};
			name = Release;
		};
/* End XCBuildConfiguration section */

/* Begin XCConfigurationList section */
		7828EB812402267300F49379 /* Build configuration list for PBXProject "HackathonPuzzleGame2020" */ = {
			isa = XCConfigurationList;
			buildConfigurations = (
				7828EBAE2402267900F49379 /* Debug */,
				7828EBAF2402267900F49379 /* Release */,
			);
			defaultConfigurationIsVisible = 0;
			defaultConfigurationName = Release;
		};
		7828EBB02402267900F49379 /* Build configuration list for PBXNativeTarget "HackathonPuzzleGame2020" */ = {
			isa = XCConfigurationList;
			buildConfigurations = (
				7828EBB12402267900F49379 /* Debug */,
				7828EBB22402267900F49379 /* Release */,
			);
			defaultConfigurationIsVisible = 0;
			defaultConfigurationName = Release;
		};
		7828EBB32402267900F49379 /* Build configuration list for PBXNativeTarget "HackathonPuzzleGame2020Tests" */ = {
			isa = XCConfigurationList;
			buildConfigurations = (
				7828EBB42402267900F49379 /* Debug */,
				7828EBB52402267900F49379 /* Release */,
			);
			defaultConfigurationIsVisible = 0;
			defaultConfigurationName = Release;
		};
		7828EBB62402267900F49379 /* Build configuration list for PBXNativeTarget "HackathonPuzzleGame2020UITests" */ = {
			isa = XCConfigurationList;
			buildConfigurations = (
				7828EBB72402267900F49379 /* Debug */,
				7828EBB82402267900F49379 /* Release */,
			);
			defaultConfigurationIsVisible = 0;
			defaultConfigurationName = Release;
		};
/* End XCConfigurationList section */

/* Begin XCVersionGroup section */
		7828EBBF2402320400F49379 /* HacktonPuzzle.xcdatamodeld */ = {
			isa = XCVersionGroup;
			children = (
				7828EBC02402320400F49379 /* HackathonPuzzleModel.xcdatamodel */,
			);
			currentVersion = 7828EBC02402320400F49379 /* HackathonPuzzleModel.xcdatamodel */;
			path = HacktonPuzzle.xcdatamodeld;
			sourceTree = "<group>";
			versionGroupType = wrapper.xcdatamodel;
		};
/* End XCVersionGroup section */
	};
	rootObject = 7828EB7E2402267300F49379 /* Project object */;
}
